// !$*UTF8*$!
{
	archiveVersion = 1;
	classes = {
	};
	objectVersion = 55;
	objects = {

/* Begin PBXBuildFile section */
		C8583053284D56B800D9800F /* BoolViewCell.swift in Sources */ = {isa = PBXBuildFile; fileRef = C8583052284D56B800D9800F /* BoolViewCell.swift */; };
		C8583055284E472E00D9800F /* NotificationViewCell.swift in Sources */ = {isa = PBXBuildFile; fileRef = C8583054284E472E00D9800F /* NotificationViewCell.swift */; };
		C8C25561284D3D3500C7E219 /* StaticViewCell.swift in Sources */ = {isa = PBXBuildFile; fileRef = C8C25560284D3D3500C7E219 /* StaticViewCell.swift */; };
		C8C25564284D4B1900C7E219 /* SwitchViewCell.swift in Sources */ = {isa = PBXBuildFile; fileRef = C8C25563284D4B1900C7E219 /* SwitchViewCell.swift */; };
		C8DE967D284D33AB00ACDB4D /* AppDelegate.swift in Sources */ = {isa = PBXBuildFile; fileRef = C8DE967C284D33AB00ACDB4D /* AppDelegate.swift */; };
		C8DE967F284D33AB00ACDB4D /* SceneDelegate.swift in Sources */ = {isa = PBXBuildFile; fileRef = C8DE967E284D33AB00ACDB4D /* SceneDelegate.swift */; };
		C8DE9681284D33AB00ACDB4D /* ViewController.swift in Sources */ = {isa = PBXBuildFile; fileRef = C8DE9680284D33AB00ACDB4D /* ViewController.swift */; };
		C8DE9684284D33AB00ACDB4D /* Main.storyboard in Resources */ = {isa = PBXBuildFile; fileRef = C8DE9682284D33AB00ACDB4D /* Main.storyboard */; };
		C8DE9686284D33AF00ACDB4D /* Assets.xcassets in Resources */ = {isa = PBXBuildFile; fileRef = C8DE9685284D33AF00ACDB4D /* Assets.xcassets */; };
		C8DE9689284D33AF00ACDB4D /* LaunchScreen.storyboard in Resources */ = {isa = PBXBuildFile; fileRef = C8DE9687284D33AF00ACDB4D /* LaunchScreen.storyboard */; };
/* End PBXBuildFile section */

/* Begin PBXFileReference section */
		C8583052284D56B800D9800F /* BoolViewCell.swift */ = {isa = PBXFileReference; lastKnownFileType = sourcecode.swift; path = BoolViewCell.swift; sourceTree = "<group>"; };
		C8583054284E472E00D9800F /* NotificationViewCell.swift */ = {isa = PBXFileReference; lastKnownFileType = sourcecode.swift; path = NotificationViewCell.swift; sourceTree = "<group>"; };
		C8C25560284D3D3500C7E219 /* StaticViewCell.swift */ = {isa = PBXFileReference; lastKnownFileType = sourcecode.swift; path = StaticViewCell.swift; sourceTree = "<group>"; };
		C8C25563284D4B1900C7E219 /* SwitchViewCell.swift */ = {isa = PBXFileReference; lastKnownFileType = sourcecode.swift; path = SwitchViewCell.swift; sourceTree = "<group>"; };
		C8DE9679284D33AB00ACDB4D /* iOS6-HW13-Setting.app */ = {isa = PBXFileReference; explicitFileType = wrapper.application; includeInIndex = 0; path = "iOS6-HW13-Setting.app"; sourceTree = BUILT_PRODUCTS_DIR; };
		C8DE967C284D33AB00ACDB4D /* AppDelegate.swift */ = {isa = PBXFileReference; lastKnownFileType = sourcecode.swift; path = AppDelegate.swift; sourceTree = "<group>"; };
		C8DE967E284D33AB00ACDB4D /* SceneDelegate.swift */ = {isa = PBXFileReference; lastKnownFileType = sourcecode.swift; path = SceneDelegate.swift; sourceTree = "<group>"; };
		C8DE9680284D33AB00ACDB4D /* ViewController.swift */ = {isa = PBXFileReference; lastKnownFileType = sourcecode.swift; path = ViewController.swift; sourceTree = "<group>"; };
		C8DE9683284D33AB00ACDB4D /* Base */ = {isa = PBXFileReference; lastKnownFileType = file.storyboard; name = Base; path = Base.lproj/Main.storyboard; sourceTree = "<group>"; };
		C8DE9685284D33AF00ACDB4D /* Assets.xcassets */ = {isa = PBXFileReference; lastKnownFileType = folder.assetcatalog; path = Assets.xcassets; sourceTree = "<group>"; };
		C8DE9688284D33AF00ACDB4D /* Base */ = {isa = PBXFileReference; lastKnownFileType = file.storyboard; name = Base; path = Base.lproj/LaunchScreen.storyboard; sourceTree = "<group>"; };
		C8DE968A284D33AF00ACDB4D /* Info.plist */ = {isa = PBXFileReference; lastKnownFileType = text.plist.xml; path = Info.plist; sourceTree = "<group>"; };
/* End PBXFileReference section */

/* Begin PBXFrameworksBuildPhase section */
		C8DE9676284D33AB00ACDB4D /* Frameworks */ = {
			isa = PBXFrameworksBuildPhase;
			buildActionMask = 2147483647;
			files = (
			);
			runOnlyForDeploymentPostprocessing = 0;
		};
/* End PBXFrameworksBuildPhase section */

/* Begin PBXGroup section */
		C8C25562284D423F00C7E219 /* ViewCells */ = {
			isa = PBXGroup;
			children = (
				C8C25560284D3D3500C7E219 /* StaticViewCell.swift */,
				C8C25563284D4B1900C7E219 /* SwitchViewCell.swift */,
				C8583052284D56B800D9800F /* BoolViewCell.swift */,
				C8583054284E472E00D9800F /* NotificationViewCell.swift */,
			);
			path = ViewCells;
			sourceTree = "<group>";
		};
		C8DE9670284D33AB00ACDB4D = {
			isa = PBXGroup;
			children = (
				C8DE967B284D33AB00ACDB4D /* iOS6-HW13-Setting */,
				C8DE967A284D33AB00ACDB4D /* Products */,
			);
			sourceTree = "<group>";
		};
		C8DE967A284D33AB00ACDB4D /* Products */ = {
			isa = PBXGroup;
			children = (
				C8DE9679284D33AB00ACDB4D /* iOS6-HW13-Setting.app */,
			);
			name = Products;
			sourceTree = "<group>";
		};
		C8DE967B284D33AB00ACDB4D /* iOS6-HW13-Setting */ = {
			isa = PBXGroup;
			children = (
				C8DE967C284D33AB00ACDB4D /* AppDelegate.swift */,
				C8DE967E284D33AB00ACDB4D /* SceneDelegate.swift */,
				C8DE9680284D33AB00ACDB4D /* ViewController.swift */,
				C8C25562284D423F00C7E219 /* ViewCells */,
				C8DE9682284D33AB00ACDB4D /* Main.storyboard */,
				C8DE9685284D33AF00ACDB4D /* Assets.xcassets */,
				C8DE9687284D33AF00ACDB4D /* LaunchScreen.storyboard */,
				C8DE968A284D33AF00ACDB4D /* Info.plist */,
			);
			path = "iOS6-HW13-Setting";
			sourceTree = "<group>";
		};
/* End PBXGroup section */

/* Begin PBXNativeTarget section */
		C8DE9678284D33AB00ACDB4D /* iOS6-HW13-Setting */ = {
			isa = PBXNativeTarget;
			buildConfigurationList = C8DE968D284D33AF00ACDB4D /* Build configuration list for PBXNativeTarget "iOS6-HW13-Setting" */;
			buildPhases = (
				C8DE9675284D33AB00ACDB4D /* Sources */,
				C8DE9676284D33AB00ACDB4D /* Frameworks */,
				C8DE9677284D33AB00ACDB4D /* Resources */,
			);
			buildRules = (
			);
			dependencies = (
			);
			name = "iOS6-HW13-Setting";
			productName = "iOS6-HW13-Setting";
			productReference = C8DE9679284D33AB00ACDB4D /* iOS6-HW13-Setting.app */;
			productType = "com.apple.product-type.application";
		};
/* End PBXNativeTarget section */

/* Begin PBXProject section */
		C8DE9671284D33AB00ACDB4D /* Project object */ = {
			isa = PBXProject;
			attributes = {
				BuildIndependentTargetsInParallel = 1;
				LastSwiftUpdateCheck = 1320;
				LastUpgradeCheck = 1320;
				TargetAttributes = {
					C8DE9678284D33AB00ACDB4D = {
						CreatedOnToolsVersion = 13.2.1;
					};
				};
			};
			buildConfigurationList = C8DE9674284D33AB00ACDB4D /* Build configuration list for PBXProject "iOS6-HW13-Setting" */;
			compatibilityVersion = "Xcode 13.0";
			developmentRegion = en;
			hasScannedForEncodings = 0;
			knownRegions = (
				en,
				Base,
			);
			mainGroup = C8DE9670284D33AB00ACDB4D;
			productRefGroup = C8DE967A284D33AB00ACDB4D /* Products */;
			projectDirPath = "";
			projectRoot = "";
			targets = (
				C8DE9678284D33AB00ACDB4D /* iOS6-HW13-Setting */,
			);
		};
/* End PBXProject section */

/* Begin PBXResourcesBuildPhase section */
		C8DE9677284D33AB00ACDB4D /* Resources */ = {
			isa = PBXResourcesBuildPhase;
			buildActionMask = 2147483647;
			files = (
				C8DE9689284D33AF00ACDB4D /* LaunchScreen.storyboard in Resources */,
				C8DE9686284D33AF00ACDB4D /* Assets.xcassets in Resources */,
				C8DE9684284D33AB00ACDB4D /* Main.storyboard in Resources */,
			);
			runOnlyForDeploymentPostprocessing = 0;
		};
/* End PBXResourcesBuildPhase section */

/* Begin PBXSourcesBuildPhase section */
		C8DE9675284D33AB00ACDB4D /* Sources */ = {
			isa = PBXSourcesBuildPhase;
			buildActionMask = 2147483647;
			files = (
				C8583053284D56B800D9800F /* BoolViewCell.swift in Sources */,
				C8DE9681284D33AB00ACDB4D /* ViewController.swift in Sources */,
				C8583055284E472E00D9800F /* NotificationViewCell.swift in Sources */,
				C8DE967D284D33AB00ACDB4D /* AppDelegate.swift in Sources */,
				C8C25564284D4B1900C7E219 /* SwitchViewCell.swift in Sources */,
				C8C25561284D3D3500C7E219 /* StaticViewCell.swift in Sources */,
				C8DE967F284D33AB00ACDB4D /* SceneDelegate.swift in Sources */,
			);
			runOnlyForDeploymentPostprocessing = 0;
		};
/* End PBXSourcesBuildPhase section */

/* Begin PBXVariantGroup section */
		C8DE9682284D33AB00ACDB4D /* Main.storyboard */ = {
			isa = PBXVariantGroup;
			children = (
				C8DE9683284D33AB00ACDB4D /* Base */,
			);
			name = Main.storyboard;
			sourceTree = "<group>";
		};
		C8DE9687284D33AF00ACDB4D /* LaunchScreen.storyboard */ = {
			isa = PBXVariantGroup;
			children = (
				C8DE9688284D33AF00ACDB4D /* Base */,
			);
			name = LaunchScreen.storyboard;
			sourceTree = "<group>";
		};
/* End PBXVariantGroup section */

/* Begin XCBuildConfiguration section */
		C8DE968B284D33AF00ACDB4D /* Debug */ = {
			isa = XCBuildConfiguration;
			buildSettings = {
				ALWAYS_SEARCH_USER_PATHS = NO;
				CLANG_ANALYZER_NONNULL = YES;
				CLANG_ANALYZER_NUMBER_OBJECT_CONVERSION = YES_AGGRESSIVE;
				CLANG_CXX_LANGUAGE_STANDARD = "gnu++17";
				CLANG_CXX_LIBRARY = "libc++";
				CLANG_ENABLE_MODULES = YES;
				CLANG_ENABLE_OBJC_ARC = YES;
				CLANG_ENABLE_OBJC_WEAK = YES;
				CLANG_WARN_BLOCK_CAPTURE_AUTORELEASING = YES;
				CLANG_WARN_BOOL_CONVERSION = YES;
				CLANG_WARN_COMMA = YES;
				CLANG_WARN_CONSTANT_CONVERSION = YES;
				CLANG_WARN_DEPRECATED_OBJC_IMPLEMENTATIONS = YES;
				CLANG_WARN_DIRECT_OBJC_ISA_USAGE = YES_ERROR;
				CLANG_WARN_DOCUMENTATION_COMMENTS = YES;
				CLANG_WARN_EMPTY_BODY = YES;
				CLANG_WARN_ENUM_CONVERSION = YES;
				CLANG_WARN_INFINITE_RECURSION = YES;
				CLANG_WARN_INT_CONVERSION = YES;
				CLANG_WARN_NON_LITERAL_NULL_CONVERSION = YES;
				CLANG_WARN_OBJC_IMPLICIT_RETAIN_SELF = YES;
				CLANG_WARN_OBJC_LITERAL_CONVERSION = YES;
				CLANG_WARN_OBJC_ROOT_CLASS = YES_ERROR;
				CLANG_WARN_QUOTED_INCLUDE_IN_FRAMEWORK_HEADER = YES;
				CLANG_WARN_RANGE_LOOP_ANALYSIS = YES;
				CLANG_WARN_STRICT_PROTOTYPES = YES;
				CLANG_WARN_SUSPICIOUS_MOVE = YES;
				CLANG_WARN_UNGUARDED_AVAILABILITY = YES_AGGRESSIVE;
				CLANG_WARN_UNREACHABLE_CODE = YES;
				CLANG_WARN__DUPLICATE_METHOD_MATCH = YES;
				COPY_PHASE_STRIP = NO;
				DEBUG_INFORMATION_FORMAT = dwarf;
				ENABLE_STRICT_OBJC_MSGSEND = YES;
				ENABLE_TESTABILITY = YES;
				GCC_C_LANGUAGE_STANDARD = gnu11;
				GCC_DYNAMIC_NO_PIC = NO;
				GCC_NO_COMMON_BLOCKS = YES;
				GCC_OPTIMIZATION_LEVEL = 0;
				GCC_PREPROCESSOR_DEFINITIONS = (
					"DEBUG=1",
					"$(inherited)",
				);
				GCC_WARN_64_TO_32_BIT_CONVERSION = YES;
				GCC_WARN_ABOUT_RETURN_TYPE = YES_ERROR;
				GCC_WARN_UNDECLARED_SELECTOR = YES;
				GCC_WARN_UNINITIALIZED_AUTOS = YES_AGGRESSIVE;
				GCC_WARN_UNUSED_FUNCTION = YES;
				GCC_WARN_UNUSED_VARIABLE = YES;
				IPHONEOS_DEPLOYMENT_TARGET = 15.2;
				MTL_ENABLE_DEBUG_INFO = INCLUDE_SOURCE;
				MTL_FAST_MATH = YES;
				ONLY_ACTIVE_ARCH = YES;
				SDKROOT = iphoneos;
				SWIFT_ACTIVE_COMPILATION_CONDITIONS = DEBUG;
				SWIFT_OPTIMIZATION_LEVEL = "-Onone";
			};
			name = Debug;
		};
		C8DE968C284D33AF00ACDB4D /* Release */ = {
			isa = XCBuildConfiguration;
			buildSettings = {
				ALWAYS_SEARCH_USER_PATHS = NO;
				CLANG_ANALYZER_NONNULL = YES;
				CLANG_ANALYZER_NUMBER_OBJECT_CONVERSION = YES_AGGRESSIVE;
				CLANG_CXX_LANGUAGE_STANDARD = "gnu++17";
				CLANG_CXX_LIBRARY = "libc++";
				CLANG_ENABLE_MODULES = YES;
				CLANG_ENABLE_OBJC_ARC = YES;
				CLANG_ENABLE_OBJC_WEAK = YES;
				CLANG_WARN_BLOCK_CAPTURE_AUTORELEASING = YES;
				CLANG_WARN_BOOL_CONVERSION = YES;
				CLANG_WARN_COMMA = YES;
				CLANG_WARN_CONSTANT_CONVERSION = YES;
				CLANG_WARN_DEPRECATED_OBJC_IMPLEMENTATIONS = YES;
				CLANG_WARN_DIRECT_OBJC_ISA_USAGE = YES_ERROR;
				CLANG_WARN_DOCUMENTATION_COMMENTS = YES;
				CLANG_WARN_EMPTY_BODY = YES;
				CLANG_WARN_ENUM_CONVERSION = YES;
				CLANG_WARN_INFINITE_RECURSION = YES;
				CLANG_WARN_INT_CONVERSION = YES;
				CLANG_WARN_NON_LITERAL_NULL_CONVERSION = YES;
				CLANG_WARN_OBJC_IMPLICIT_RETAIN_SELF = YES;
				CLANG_WARN_OBJC_LITERAL_CONVERSION = YES;
				CLANG_WARN_OBJC_ROOT_CLASS = YES_ERROR;
				CLANG_WARN_QUOTED_INCLUDE_IN_FRAMEWORK_HEADER = YES;
				CLANG_WARN_RANGE_LOOP_ANALYSIS = YES;
				CLANG_WARN_STRICT_PROTOTYPES = YES;
				CLANG_WARN_SUSPICIOUS_MOVE = YES;
				CLANG_WARN_UNGUARDED_AVAILABILITY = YES_AGGRESSIVE;
				CLANG_WARN_UNREACHABLE_CODE = YES;
				CLANG_WARN__DUPLICATE_METHOD_MATCH = YES;
				COPY_PHASE_STRIP = NO;
				DEBUG_INFORMATION_FORMAT = "dwarf-with-dsym";
				ENABLE_NS_ASSERTIONS = NO;
				ENABLE_STRICT_OBJC_MSGSEND = YES;
				GCC_C_LANGUAGE_STANDARD = gnu11;
				GCC_NO_COMMON_BLOCKS = YES;
				GCC_WARN_64_TO_32_BIT_CONVERSION = YES;
				GCC_WARN_ABOUT_RETURN_TYPE = YES_ERROR;
				GCC_WARN_UNDECLARED_SELECTOR = YES;
				GCC_WARN_UNINITIALIZED_AUTOS = YES_AGGRESSIVE;
				GCC_WARN_UNUSED_FUNCTION = YES;
				GCC_WARN_UNUSED_VARIABLE = YES;
				IPHONEOS_DEPLOYMENT_TARGET = 15.2;
				MTL_ENABLE_DEBUG_INFO = NO;
				MTL_FAST_MATH = YES;
				SDKROOT = iphoneos;
				SWIFT_COMPILATION_MODE = wholemodule;
				SWIFT_OPTIMIZATION_LEVEL = "-O";
				VALIDATE_PRODUCT = YES;
			};
			name = Release;
		};
		C8DE968E284D33AF00ACDB4D /* Debug */ = {
			isa = XCBuildConfiguration;
			buildSettings = {
				ASSETCATALOG_COMPILER_APPICON_NAME = AppIcon;
				ASSETCATALOG_COMPILER_GLOBAL_ACCENT_COLOR_NAME = AccentColor;
				CODE_SIGN_STYLE = Automatic;
				CURRENT_PROJECT_VERSION = 1;
				DEVELOPMENT_TEAM = XG963RW2D6;
				GENERATE_INFOPLIST_FILE = YES;
				INFOPLIST_FILE = "iOS6-HW13-Setting/Info.plist";
				INFOPLIST_KEY_UIApplicationSupportsIndirectInputEvents = YES;
				INFOPLIST_KEY_UILaunchStoryboardName = LaunchScreen;
				INFOPLIST_KEY_UIMainStoryboardFile = Main;
				INFOPLIST_KEY_UISupportedInterfaceOrientations_iPad = "UIInterfaceOrientationPortrait UIInterfaceOrientationPortraitUpsideDown UIInterfaceOrientationLandscapeLeft UIInterfaceOrientationLandscapeRight";
				INFOPLIST_KEY_UISupportedInterfaceOrientations_iPhone = "UIInterfaceOrientationPortrait UIInterfaceOrientationLandscapeLeft UIInterfaceOrientationLandscapeRight";
				LD_RUNPATH_SEARCH_PATHS = (
					"$(inherited)",
					"@executable_path/Frameworks",
				);
				MARKETING_VERSION = 1.0;
				PRODUCT_BUNDLE_IDENTIFIER = "Under-Karter.iOS6-HW13-Setting";
				PRODUCT_NAME = "$(TARGET_NAME)";
				SWIFT_EMIT_LOC_STRINGS = YES;
				SWIFT_VERSION = 5.0;
				TARGETED_DEVICE_FAMILY = "1,2";
			};
			name = Debug;
		};
		C8DE968F284D33AF00ACDB4D /* Release */ = {
			isa = XCBuildConfiguration;
			buildSettings = {
				ASSETCATALOG_COMPILER_APPICON_NAME = AppIcon;
				ASSETCATALOG_COMPILER_GLOBAL_ACCENT_COLOR_NAME = AccentColor;
				CODE_SIGN_STYLE = Automatic;
				CURRENT_PROJECT_VERSION = 1;
				DEVELOPMENT_TEAM = XG963RW2D6;
				GENERATE_INFOPLIST_FILE = YES;
				INFOPLIST_FILE = "iOS6-HW13-Setting/Info.plist";
				INFOPLIST_KEY_UIApplicationSupportsIndirectInputEvents = YES;
				INFOPLIST_KEY_UILaunchStoryboardName = LaunchScreen;
				INFOPLIST_KEY_UIMainStoryboardFile = Main;
				INFOPLIST_KEY_UISupportedInterfaceOrientations_iPad = "UIInterfaceOrientationPortrait UIInterfaceOrientationPortraitUpsideDown UIInterfaceOrientationLandscapeLeft UIInterfaceOrientationLandscapeRight";
				INFOPLIST_KEY_UISupportedInterfaceOrientations_iPhone = "UIInterfaceOrientationPortrait UIInterfaceOrientationLandscapeLeft UIInterfaceOrientationLandscapeRight";
				LD_RUNPATH_SEARCH_PATHS = (
					"$(inherited)",
					"@executable_path/Frameworks",
				);
				MARKETING_VERSION = 1.0;
				PRODUCT_BUNDLE_IDENTIFIER = "Under-Karter.iOS6-HW13-Setting";
				PRODUCT_NAME = "$(TARGET_NAME)";
				SWIFT_EMIT_LOC_STRINGS = YES;
				SWIFT_VERSION = 5.0;
				TARGETED_DEVICE_FAMILY = "1,2";
			};
			name = Release;
		};
/* End XCBuildConfiguration section */

/* Begin XCConfigurationList section */
		C8DE9674284D33AB00ACDB4D /* Build configuration list for PBXProject "iOS6-HW13-Setting" */ = {
			isa = XCConfigurationList;
			buildConfigurations = (
				C8DE968B284D33AF00ACDB4D /* Debug */,
				C8DE968C284D33AF00ACDB4D /* Release */,
			);
			defaultConfigurationIsVisible = 0;
			defaultConfigurationName = Release;
		};
		C8DE968D284D33AF00ACDB4D /* Build configuration list for PBXNativeTarget "iOS6-HW13-Setting" */ = {
			isa = XCConfigurationList;
			buildConfigurations = (
				C8DE968E284D33AF00ACDB4D /* Debug */,
				C8DE968F284D33AF00ACDB4D /* Release */,
			);
			defaultConfigurationIsVisible = 0;
			defaultConfigurationName = Release;
		};
/* End XCConfigurationList section */
	};
	rootObject = C8DE9671284D33AB00ACDB4D /* Project object */;
}
